Microsoft Visual Studio Solution File, Format Version 11.00
# Visual Studio 2008

Project("{A616F89F-A78F-F788-8B62-A92E731A9B62}") = "SurvivorQQQ", "Assembly-CSharp-firstpass.csproj", "{37E0B9C1-20AE-611F-0134-29603603C387}"
EndProject
Project("{A616F89F-A78F-F788-8B62-A92E731A9B62}") = "SurvivorQQQ", "Assembly-CSharp.csproj", "{A2B32411-8951-DA73-62F8-A083DC99B44A}"
EndProject
Project("{A616F89F-A78F-F788-8B62-A92E731A9B62}") = "SurvivorQQQ", "Assembly-CSharp-Editor.csproj", "{F2CEA5C5-9415-2FBB-FCF5-D51D33700547}"
EndProject
Global
	GlobalSection(SolutionConfigurationPlatforms) = preSolution
		Debug|Any CPU = Debug|Any CPU
		Release|Any CPU = Release|Any CPU
	EndGlobalSection
	GlobalSection(ProjectConfigurationPlatforms) = postSolution
		{37E0B9C1-20AE-611F-0134-29603603C387}.Debug|Any CPU.ActiveCfg = Debug|Any CPU
		{37E0B9C1-20AE-611F-0134-29603603C387}.Debug|Any CPU.Build.0 = Debug|Any CPU
		{37E0B9C1-20AE-611F-0134-29603603C387}.Release|Any CPU.ActiveCfg = Release|Any CPU
		{37E0B9C1-20AE-611F-0134-29603603C387}.Release|Any CPU.Build.0 = Release|Any CPU
		{A2B32411-8951-DA73-62F8-A083DC99B44A}.Debug|Any CPU.ActiveCfg = Debug|Any CPU
		{A2B32411-8951-DA73-62F8-A083DC99B44A}.Debug|Any CPU.Build.0 = Debug|Any CPU
		{A2B32411-8951-DA73-62F8-A083DC99B44A}.Release|Any CPU.ActiveCfg = Release|Any CPU
		{A2B32411-8951-DA73-62F8-A083DC99B44A}.Release|Any CPU.Build.0 = Release|Any CPU
		{F2CEA5C5-9415-2FBB-FCF5-D51D33700547}.Debug|Any CPU.ActiveCfg = Debug|Any CPU
		{F2CEA5C5-9415-2FBB-FCF5-D51D33700547}.Debug|Any CPU.Build.0 = Debug|Any CPU
		{F2CEA5C5-9415-2FBB-FCF5-D51D33700547}.Release|Any CPU.ActiveCfg = Release|Any CPU
		{F2CEA5C5-9415-2FBB-FCF5-D51D33700547}.Release|Any CPU.Build.0 = Release|Any CPU
	EndGlobalSection
	GlobalSection(SolutionProperties) = preSolution
		HideSolutionNode = FALSE
	EndGlobalSection
	GlobalSection(MonoDevelopProperties) = preSolution
		StartupItem = Assembly-CSharp.csproj
	EndGlobalSection
EndGlobal
